
Microsoft Visual Studio Solution File, Format Version 12.00
# Visual Studio Version 16
VisualStudioVersion = 16.0.31205.134
MinimumVisualStudioVersion = 10.0.40219.1
Project("{9A19103F-16F7-4668-BE54-9A1E7A4F7556}") = "CurrencySpeakerServer", "CurrencySpeakerServer\CurrencySpeakerServer.csproj", "{15322A2A-943C-483A-9C4E-BF812F1601CB}"
EndProject
Project("{9A19103F-16F7-4668-BE54-9A1E7A4F7556}") = "CurrencyClient", "CurrencyClient\CurrencyClient.csproj", "{E4E9E712-1647-4A6D-9CD1-9AB8756F36B3}"
EndProject
Project("{9A19103F-16F7-4668-BE54-9A1E7A4F7556}") = "CurrencySpeakerServerTests", "UnitTests\CurrencySpeakerServerTests.csproj", "{F2B5D885-C0A4-43CB-A024-0EA59C1489E7}"
EndProject
Project("{2150E333-8FDC-42A3-9474-1A3956D46DE8}") = "UnitTests", "UnitTests", "{7600AC9F-EAF4-40DA-B055-4D72AE725C73}"
EndProject
Global
	GlobalSection(SolutionConfigurationPlatforms) = preSolution
		Debug|Any CPU = Debug|Any CPU
		Release|Any CPU = Release|Any CPU
	EndGlobalSection
	GlobalSection(ProjectConfigurationPlatforms) = postSolution
		{15322A2A-943C-483A-9C4E-BF812F1601CB}.Debug|Any CPU.ActiveCfg = Debug|Any CPU
		{15322A2A-943C-483A-9C4E-BF812F1601CB}.Debug|Any CPU.Build.0 = Debug|Any CPU
		{15322A2A-943C-483A-9C4E-BF812F1601CB}.Release|Any CPU.ActiveCfg = Release|Any CPU
		{15322A2A-943C-483A-9C4E-BF812F1601CB}.Release|Any CPU.Build.0 = Release|Any CPU
		{E4E9E712-1647-4A6D-9CD1-9AB8756F36B3}.Debug|Any CPU.ActiveCfg = Debug|Any CPU
		{E4E9E712-1647-4A6D-9CD1-9AB8756F36B3}.Debug|Any CPU.Build.0 = Debug|Any CPU
		{E4E9E712-1647-4A6D-9CD1-9AB8756F36B3}.Release|Any CPU.ActiveCfg = Release|Any CPU
		{E4E9E712-1647-4A6D-9CD1-9AB8756F36B3}.Release|Any CPU.Build.0 = Release|Any CPU
		{F2B5D885-C0A4-43CB-A024-0EA59C1489E7}.Debug|Any CPU.ActiveCfg = Debug|Any CPU
		{F2B5D885-C0A4-43CB-A024-0EA59C1489E7}.Debug|Any CPU.Build.0 = Debug|Any CPU
		{F2B5D885-C0A4-43CB-A024-0EA59C1489E7}.Release|Any CPU.ActiveCfg = Release|Any CPU
		{F2B5D885-C0A4-43CB-A024-0EA59C1489E7}.Release|Any CPU.Build.0 = Release|Any CPU
	EndGlobalSection
	GlobalSection(SolutionProperties) = preSolution
		HideSolutionNode = FALSE
	EndGlobalSection
	GlobalSection(NestedProjects) = preSolution
		{F2B5D885-C0A4-43CB-A024-0EA59C1489E7} = {7600AC9F-EAF4-40DA-B055-4D72AE725C73}
	EndGlobalSection
	GlobalSection(ExtensibilityGlobals) = postSolution
		SolutionGuid = {126C279E-6A8A-42C9-8066-553309B38519}
	EndGlobalSection
EndGlobal
